// !$*UTF8*$!
{
	archiveVersion = 1;
	classes = {
	};
	objectVersion = 56;
	objects = {

/* Begin PBXBuildFile section */
		673FBD4029480F7D00E68C66 /* AppDelegate.swift in Sources */ = {isa = PBXBuildFile; fileRef = 673FBD3F29480F7D00E68C66 /* AppDelegate.swift */; };
		673FBD4229480F7D00E68C66 /* SceneDelegate.swift in Sources */ = {isa = PBXBuildFile; fileRef = 673FBD4129480F7D00E68C66 /* SceneDelegate.swift */; };
		673FBD4429480F7D00E68C66 /* ViewController.swift in Sources */ = {isa = PBXBuildFile; fileRef = 673FBD4329480F7D00E68C66 /* ViewController.swift */; };
		673FBD4929480F7F00E68C66 /* Assets.xcassets in Resources */ = {isa = PBXBuildFile; fileRef = 673FBD4829480F7F00E68C66 /* Assets.xcassets */; };
		673FBD4C29480F7F00E68C66 /* LaunchScreen.storyboard in Resources */ = {isa = PBXBuildFile; fileRef = 673FBD4A29480F7F00E68C66 /* LaunchScreen.storyboard */; };
		673FBD5729480F7F00E68C66 /* fickerCustomHorizontalTests.swift in Sources */ = {isa = PBXBuildFile; fileRef = 673FBD5629480F7F00E68C66 /* fickerCustomHorizontalTests.swift */; };
		673FBD6129480F7F00E68C66 /* fickerCustomHorizontalUITests.swift in Sources */ = {isa = PBXBuildFile; fileRef = 673FBD6029480F7F00E68C66 /* fickerCustomHorizontalUITests.swift */; };
		673FBD6329480F7F00E68C66 /* fickerCustomHorizontalUITestsLaunchTests.swift in Sources */ = {isa = PBXBuildFile; fileRef = 673FBD6229480F7F00E68C66 /* fickerCustomHorizontalUITestsLaunchTests.swift */; };
		74F74578184F6C0CF2C6A6DB /* Pods_fickerCustomHorizontal.framework in Frameworks */ = {isa = PBXBuildFile; fileRef = 45A306854D570196CCF74AC7 /* Pods_fickerCustomHorizontal.framework */; };
		D3FF50D1A717290E40552F98 /* Pods_fickerCustomHorizontalTests.framework in Frameworks */ = {isa = PBXBuildFile; fileRef = 527ACB0E99EE6FCC90AAFE5A /* Pods_fickerCustomHorizontalTests.framework */; };
		EAF4DEA47DDCFD9CE044435E /* Pods_fickerCustomHorizontal_fickerCustomHorizontalUITests.framework in Frameworks */ = {isa = PBXBuildFile; fileRef = 4180F6215C3232AA70CC0B44 /* Pods_fickerCustomHorizontal_fickerCustomHorizontalUITests.framework */; };
/* End PBXBuildFile section */

/* Begin PBXContainerItemProxy section */
		673FBD5329480F7F00E68C66 /* PBXContainerItemProxy */ = {
			isa = PBXContainerItemProxy;
			containerPortal = 673FBD3429480F7D00E68C66 /* Project object */;
			proxyType = 1;
			remoteGlobalIDString = 673FBD3B29480F7D00E68C66;
			remoteInfo = fickerCustomHorizontal;
		};
		673FBD5D29480F7F00E68C66 /* PBXContainerItemProxy */ = {
			isa = PBXContainerItemProxy;
			containerPortal = 673FBD3429480F7D00E68C66 /* Project object */;
			proxyType = 1;
			remoteGlobalIDString = 673FBD3B29480F7D00E68C66;
			remoteInfo = fickerCustomHorizontal;
		};
/* End PBXContainerItemProxy section */

/* Begin PBXFileReference section */
		4180F6215C3232AA70CC0B44 /* Pods_fickerCustomHorizontal_fickerCustomHorizontalUITests.framework */ = {isa = PBXFileReference; explicitFileType = wrapper.framework; includeInIndex = 0; path = Pods_fickerCustomHorizontal_fickerCustomHorizontalUITests.framework; sourceTree = BUILT_PRODUCTS_DIR; };
		45A306854D570196CCF74AC7 /* Pods_fickerCustomHorizontal.framework */ = {isa = PBXFileReference; explicitFileType = wrapper.framework; includeInIndex = 0; path = Pods_fickerCustomHorizontal.framework; sourceTree = BUILT_PRODUCTS_DIR; };
		527ACB0E99EE6FCC90AAFE5A /* Pods_fickerCustomHorizontalTests.framework */ = {isa = PBXFileReference; explicitFileType = wrapper.framework; includeInIndex = 0; path = Pods_fickerCustomHorizontalTests.framework; sourceTree = BUILT_PRODUCTS_DIR; };
		673FBD3C29480F7D00E68C66 /* fickerCustomHorizontal.app */ = {isa = PBXFileReference; explicitFileType = wrapper.application; includeInIndex = 0; path = fickerCustomHorizontal.app; sourceTree = BUILT_PRODUCTS_DIR; };
		673FBD3F29480F7D00E68C66 /* AppDelegate.swift */ = {isa = PBXFileReference; lastKnownFileType = sourcecode.swift; path = AppDelegate.swift; sourceTree = "<group>"; };
		673FBD4129480F7D00E68C66 /* SceneDelegate.swift */ = {isa = PBXFileReference; lastKnownFileType = sourcecode.swift; path = SceneDelegate.swift; sourceTree = "<group>"; };
		673FBD4329480F7D00E68C66 /* ViewController.swift */ = {isa = PBXFileReference; lastKnownFileType = sourcecode.swift; path = ViewController.swift; sourceTree = "<group>"; };
		673FBD4829480F7F00E68C66 /* Assets.xcassets */ = {isa = PBXFileReference; lastKnownFileType = folder.assetcatalog; path = Assets.xcassets; sourceTree = "<group>"; };
		673FBD4B29480F7F00E68C66 /* Base */ = {isa = PBXFileReference; lastKnownFileType = file.storyboard; name = Base; path = Base.lproj/LaunchScreen.storyboard; sourceTree = "<group>"; };
		673FBD4D29480F7F00E68C66 /* Info.plist */ = {isa = PBXFileReference; lastKnownFileType = text.plist.xml; path = Info.plist; sourceTree = "<group>"; };
		673FBD5229480F7F00E68C66 /* fickerCustomHorizontalTests.xctest */ = {isa = PBXFileReference; explicitFileType = wrapper.cfbundle; includeInIndex = 0; path = fickerCustomHorizontalTests.xctest; sourceTree = BUILT_PRODUCTS_DIR; };
		673FBD5629480F7F00E68C66 /* fickerCustomHorizontalTests.swift */ = {isa = PBXFileReference; lastKnownFileType = sourcecode.swift; path = fickerCustomHorizontalTests.swift; sourceTree = "<group>"; };
		673FBD5C29480F7F00E68C66 /* fickerCustomHorizontalUITests.xctest */ = {isa = PBXFileReference; explicitFileType = wrapper.cfbundle; includeInIndex = 0; path = fickerCustomHorizontalUITests.xctest; sourceTree = BUILT_PRODUCTS_DIR; };
		673FBD6029480F7F00E68C66 /* fickerCustomHorizontalUITests.swift */ = {isa = PBXFileReference; lastKnownFileType = sourcecode.swift; path = fickerCustomHorizontalUITests.swift; sourceTree = "<group>"; };
		673FBD6229480F7F00E68C66 /* fickerCustomHorizontalUITestsLaunchTests.swift */ = {isa = PBXFileReference; lastKnownFileType = sourcecode.swift; path = fickerCustomHorizontalUITestsLaunchTests.swift; sourceTree = "<group>"; };
		98EEB7B963A19E7210DA1C95 /* Pods-fickerCustomHorizontal.release.xcconfig */ = {isa = PBXFileReference; includeInIndex = 1; lastKnownFileType = text.xcconfig; name = "Pods-fickerCustomHorizontal.release.xcconfig"; path = "Target Support Files/Pods-fickerCustomHorizontal/Pods-fickerCustomHorizontal.release.xcconfig"; sourceTree = "<group>"; };
		99C170A85F278C80DF902F06 /* Pods-fickerCustomHorizontalTests.release.xcconfig */ = {isa = PBXFileReference; includeInIndex = 1; lastKnownFileType = text.xcconfig; name = "Pods-fickerCustomHorizontalTests.release.xcconfig"; path = "Target Support Files/Pods-fickerCustomHorizontalTests/Pods-fickerCustomHorizontalTests.release.xcconfig"; sourceTree = "<group>"; };
		9EB87B8967DB6F19B064EEB8 /* Pods-fickerCustomHorizontal.debug.xcconfig */ = {isa = PBXFileReference; includeInIndex = 1; lastKnownFileType = text.xcconfig; name = "Pods-fickerCustomHorizontal.debug.xcconfig"; path = "Target Support Files/Pods-fickerCustomHorizontal/Pods-fickerCustomHorizontal.debug.xcconfig"; sourceTree = "<group>"; };
		BA0E236DBC9B517EFFC58959 /* Pods-fickerCustomHorizontal-fickerCustomHorizontalUITests.debug.xcconfig */ = {isa = PBXFileReference; includeInIndex = 1; lastKnownFileType = text.xcconfig; name = "Pods-fickerCustomHorizontal-fickerCustomHorizontalUITests.debug.xcconfig"; path = "Target Support Files/Pods-fickerCustomHorizontal-fickerCustomHorizontalUITests/Pods-fickerCustomHorizontal-fickerCustomHorizontalUITests.debug.xcconfig"; sourceTree = "<group>"; };
		F7E8E647D6A035DC79163E37 /* Pods-fickerCustomHorizontal-fickerCustomHorizontalUITests.release.xcconfig */ = {isa = PBXFileReference; includeInIndex = 1; lastKnownFileType = text.xcconfig; name = "Pods-fickerCustomHorizontal-fickerCustomHorizontalUITests.release.xcconfig"; path = "Target Support Files/Pods-fickerCustomHorizontal-fickerCustomHorizontalUITests/Pods-fickerCustomHorizontal-fickerCustomHorizontalUITests.release.xcconfig"; sourceTree = "<group>"; };
		FD454052248BA2880EF35C85 /* Pods-fickerCustomHorizontalTests.debug.xcconfig */ = {isa = PBXFileReference; includeInIndex = 1; lastKnownFileType = text.xcconfig; name = "Pods-fickerCustomHorizontalTests.debug.xcconfig"; path = "Target Support Files/Pods-fickerCustomHorizontalTests/Pods-fickerCustomHorizontalTests.debug.xcconfig"; sourceTree = "<group>"; };
/* End PBXFileReference section */

/* Begin PBXFrameworksBuildPhase section */
		673FBD3929480F7D00E68C66 /* Frameworks */ = {
			isa = PBXFrameworksBuildPhase;
			buildActionMask = 2147483647;
			files = (
				74F74578184F6C0CF2C6A6DB /* Pods_fickerCustomHorizontal.framework in Frameworks */,
			);
			runOnlyForDeploymentPostprocessing = 0;
		};
		673FBD4F29480F7F00E68C66 /* Frameworks */ = {
			isa = PBXFrameworksBuildPhase;
			buildActionMask = 2147483647;
			files = (
				D3FF50D1A717290E40552F98 /* Pods_fickerCustomHorizontalTests.framework in Frameworks */,
			);
			runOnlyForDeploymentPostprocessing = 0;
		};
		673FBD5929480F7F00E68C66 /* Frameworks */ = {
			isa = PBXFrameworksBuildPhase;
			buildActionMask = 2147483647;
			files = (
				EAF4DEA47DDCFD9CE044435E /* Pods_fickerCustomHorizontal_fickerCustomHorizontalUITests.framework in Frameworks */,
			);
			runOnlyForDeploymentPostprocessing = 0;
		};
/* End PBXFrameworksBuildPhase section */

/* Begin PBXGroup section */
		1351DB97CF8455C72EBACF85 /* Frameworks */ = {
			isa = PBXGroup;
			children = (
				45A306854D570196CCF74AC7 /* Pods_fickerCustomHorizontal.framework */,
				4180F6215C3232AA70CC0B44 /* Pods_fickerCustomHorizontal_fickerCustomHorizontalUITests.framework */,
				527ACB0E99EE6FCC90AAFE5A /* Pods_fickerCustomHorizontalTests.framework */,
			);
			name = Frameworks;
			sourceTree = "<group>";
		};
		673FBD3329480F7D00E68C66 = {
			isa = PBXGroup;
			children = (
				673FBD3E29480F7D00E68C66 /* fickerCustomHorizontal */,
				673FBD5529480F7F00E68C66 /* fickerCustomHorizontalTests */,
				673FBD5F29480F7F00E68C66 /* fickerCustomHorizontalUITests */,
				673FBD3D29480F7D00E68C66 /* Products */,
				A48EC031C38FE8BFC957C207 /* Pods */,
				1351DB97CF8455C72EBACF85 /* Frameworks */,
			);
			sourceTree = "<group>";
		};
		673FBD3D29480F7D00E68C66 /* Products */ = {
			isa = PBXGroup;
			children = (
				673FBD3C29480F7D00E68C66 /* fickerCustomHorizontal.app */,
				673FBD5229480F7F00E68C66 /* fickerCustomHorizontalTests.xctest */,
				673FBD5C29480F7F00E68C66 /* fickerCustomHorizontalUITests.xctest */,
			);
			name = Products;
			sourceTree = "<group>";
		};
		673FBD3E29480F7D00E68C66 /* fickerCustomHorizontal */ = {
			isa = PBXGroup;
			children = (
				673FBD3F29480F7D00E68C66 /* AppDelegate.swift */,
				673FBD4129480F7D00E68C66 /* SceneDelegate.swift */,
				673FBD4329480F7D00E68C66 /* ViewController.swift */,
				673FBD4829480F7F00E68C66 /* Assets.xcassets */,
				673FBD4A29480F7F00E68C66 /* LaunchScreen.storyboard */,
				673FBD4D29480F7F00E68C66 /* Info.plist */,
			);
			path = fickerCustomHorizontal;
			sourceTree = "<group>";
		};
		673FBD5529480F7F00E68C66 /* fickerCustomHorizontalTests */ = {
			isa = PBXGroup;
			children = (
				673FBD5629480F7F00E68C66 /* fickerCustomHorizontalTests.swift */,
			);
			path = fickerCustomHorizontalTests;
			sourceTree = "<group>";
		};
		673FBD5F29480F7F00E68C66 /* fickerCustomHorizontalUITests */ = {
			isa = PBXGroup;
			children = (
				673FBD6029480F7F00E68C66 /* fickerCustomHorizontalUITests.swift */,
				673FBD6229480F7F00E68C66 /* fickerCustomHorizontalUITestsLaunchTests.swift */,
			);
			path = fickerCustomHorizontalUITests;
			sourceTree = "<group>";
		};
		A48EC031C38FE8BFC957C207 /* Pods */ = {
			isa = PBXGroup;
			children = (
				9EB87B8967DB6F19B064EEB8 /* Pods-fickerCustomHorizontal.debug.xcconfig */,
				98EEB7B963A19E7210DA1C95 /* Pods-fickerCustomHorizontal.release.xcconfig */,
				BA0E236DBC9B517EFFC58959 /* Pods-fickerCustomHorizontal-fickerCustomHorizontalUITests.debug.xcconfig */,
				F7E8E647D6A035DC79163E37 /* Pods-fickerCustomHorizontal-fickerCustomHorizontalUITests.release.xcconfig */,
				FD454052248BA2880EF35C85 /* Pods-fickerCustomHorizontalTests.debug.xcconfig */,
				99C170A85F278C80DF902F06 /* Pods-fickerCustomHorizontalTests.release.xcconfig */,
			);
			name = Pods;
			path = Pods;
			sourceTree = "<group>";
		};
/* End PBXGroup section */

/* Begin PBXNativeTarget section */
		673FBD3B29480F7D00E68C66 /* fickerCustomHorizontal */ = {
			isa = PBXNativeTarget;
			buildConfigurationList = 673FBD6629480F7F00E68C66 /* Build configuration list for PBXNativeTarget "fickerCustomHorizontal" */;
			buildPhases = (
				581C018C223981CFC60BA353 /* [CP] Check Pods Manifest.lock */,
				673FBD3829480F7D00E68C66 /* Sources */,
				673FBD3929480F7D00E68C66 /* Frameworks */,
				673FBD3A29480F7D00E68C66 /* Resources */,
				D1B06A8C7A525B18C5044C74 /* [CP] Embed Pods Frameworks */,
			);
			buildRules = (
			);
			dependencies = (
			);
			name = fickerCustomHorizontal;
			productName = fickerCustomHorizontal;
			productReference = 673FBD3C29480F7D00E68C66 /* fickerCustomHorizontal.app */;
			productType = "com.apple.product-type.application";
		};
		673FBD5129480F7F00E68C66 /* fickerCustomHorizontalTests */ = {
			isa = PBXNativeTarget;
			buildConfigurationList = 673FBD6929480F7F00E68C66 /* Build configuration list for PBXNativeTarget "fickerCustomHorizontalTests" */;
			buildPhases = (
				3E4A447FDC1EE742D5E2B3F2 /* [CP] Check Pods Manifest.lock */,
				673FBD4E29480F7F00E68C66 /* Sources */,
				673FBD4F29480F7F00E68C66 /* Frameworks */,
				673FBD5029480F7F00E68C66 /* Resources */,
			);
			buildRules = (
			);
			dependencies = (
				673FBD5429480F7F00E68C66 /* PBXTargetDependency */,
			);
			name = fickerCustomHorizontalTests;
			productName = fickerCustomHorizontalTests;
			productReference = 673FBD5229480F7F00E68C66 /* fickerCustomHorizontalTests.xctest */;
			productType = "com.apple.product-type.bundle.unit-test";
		};
		673FBD5B29480F7F00E68C66 /* fickerCustomHorizontalUITests */ = {
			isa = PBXNativeTarget;
			buildConfigurationList = 673FBD6C29480F7F00E68C66 /* Build configuration list for PBXNativeTarget "fickerCustomHorizontalUITests" */;
			buildPhases = (
				8DAB03BE0DAE8F094E92BE79 /* [CP] Check Pods Manifest.lock */,
				673FBD5829480F7F00E68C66 /* Sources */,
				673FBD5929480F7F00E68C66 /* Frameworks */,
				673FBD5A29480F7F00E68C66 /* Resources */,
				A94E104DA3B06AF62222FF96 /* [CP] Embed Pods Frameworks */,
			);
			buildRules = (
			);
			dependencies = (
				673FBD5E29480F7F00E68C66 /* PBXTargetDependency */,
			);
			name = fickerCustomHorizontalUITests;
			productName = fickerCustomHorizontalUITests;
			productReference = 673FBD5C29480F7F00E68C66 /* fickerCustomHorizontalUITests.xctest */;
			productType = "com.apple.product-type.bundle.ui-testing";
		};
/* End PBXNativeTarget section */

/* Begin PBXProject section */
		673FBD3429480F7D00E68C66 /* Project object */ = {
			isa = PBXProject;
			attributes = {
				BuildIndependentTargetsInParallel = 1;
				LastSwiftUpdateCheck = 1400;
				LastUpgradeCheck = 1400;
				TargetAttributes = {
					673FBD3B29480F7D00E68C66 = {
						CreatedOnToolsVersion = 14.0.1;
					};
					673FBD5129480F7F00E68C66 = {
						CreatedOnToolsVersion = 14.0.1;
						TestTargetID = 673FBD3B29480F7D00E68C66;
					};
					673FBD5B29480F7F00E68C66 = {
						CreatedOnToolsVersion = 14.0.1;
						TestTargetID = 673FBD3B29480F7D00E68C66;
					};
				};
			};
			buildConfigurationList = 673FBD3729480F7D00E68C66 /* Build configuration list for PBXProject "fickerCustomHorizontal" */;
			compatibilityVersion = "Xcode 14.0";
			developmentRegion = en;
			hasScannedForEncodings = 0;
			knownRegions = (
				en,
				Base,
			);
			mainGroup = 673FBD3329480F7D00E68C66;
			productRefGroup = 673FBD3D29480F7D00E68C66 /* Products */;
			projectDirPath = "";
			projectRoot = "";
			targets = (
				673FBD3B29480F7D00E68C66 /* fickerCustomHorizontal */,
				673FBD5129480F7F00E68C66 /* fickerCustomHorizontalTests */,
				673FBD5B29480F7F00E68C66 /* fickerCustomHorizontalUITests */,
			);
		};
/* End PBXProject section */

/* Begin PBXResourcesBuildPhase section */
		673FBD3A29480F7D00E68C66 /* Resources */ = {
			isa = PBXResourcesBuildPhase;
			buildActionMask = 2147483647;
			files = (
				673FBD4C29480F7F00E68C66 /* LaunchScreen.storyboard in Resources */,
				673FBD4929480F7F00E68C66 /* Assets.xcassets in Resources */,
			);
			runOnlyForDeploymentPostprocessing = 0;
		};
		673FBD5029480F7F00E68C66 /* Resources */ = {
			isa = PBXResourcesBuildPhase;
			buildActionMask = 2147483647;
			files = (
			);
			runOnlyForDeploymentPostprocessing = 0;
		};
		673FBD5A29480F7F00E68C66 /* Resources */ = {
			isa = PBXResourcesBuildPhase;
			buildActionMask = 2147483647;
			files = (
			);
			runOnlyForDeploymentPostprocessing = 0;
		};
/* End PBXResourcesBuildPhase section */

/* Begin PBXShellScriptBuildPhase section */
		3E4A447FDC1EE742D5E2B3F2 /* [CP] Check Pods Manifest.lock */ = {
			isa = PBXShellScriptBuildPhase;
			buildActionMask = 2147483647;
			files = (
			);
			inputFileListPaths = (
			);
			inputPaths = (
				"${PODS_PODFILE_DIR_PATH}/Podfile.lock",
				"${PODS_ROOT}/Manifest.lock",
			);
			name = "[CP] Check Pods Manifest.lock";
			outputFileListPaths = (
			);
			outputPaths = (
				"$(DERIVED_FILE_DIR)/Pods-fickerCustomHorizontalTests-checkManifestLockResult.txt",
			);
			runOnlyForDeploymentPostprocessing = 0;
			shellPath = /bin/sh;
			shellScript = "diff \"${PODS_PODFILE_DIR_PATH}/Podfile.lock\" \"${PODS_ROOT}/Manifest.lock\" > /dev/null\nif [ $? != 0 ] ; then\n    # print error to STDERR\n    echo \"error: The sandbox is not in sync with the Podfile.lock. Run 'pod install' or update your CocoaPods installation.\" >&2\n    exit 1\nfi\n# This output is used by Xcode 'outputs' to avoid re-running this script phase.\necho \"SUCCESS\" > \"${SCRIPT_OUTPUT_FILE_0}\"\n";
			showEnvVarsInLog = 0;
		};
		581C018C223981CFC60BA353 /* [CP] Check Pods Manifest.lock */ = {
			isa = PBXShellScriptBuildPhase;
			buildActionMask = 2147483647;
			files = (
			);
			inputFileListPaths = (
			);
			inputPaths = (
				"${PODS_PODFILE_DIR_PATH}/Podfile.lock",
				"${PODS_ROOT}/Manifest.lock",
			);
			name = "[CP] Check Pods Manifest.lock";
			outputFileListPaths = (
			);
			outputPaths = (
				"$(DERIVED_FILE_DIR)/Pods-fickerCustomHorizontal-checkManifestLockResult.txt",
			);
			runOnlyForDeploymentPostprocessing = 0;
			shellPath = /bin/sh;
			shellScript = "diff \"${PODS_PODFILE_DIR_PATH}/Podfile.lock\" \"${PODS_ROOT}/Manifest.lock\" > /dev/null\nif [ $? != 0 ] ; then\n    # print error to STDERR\n    echo \"error: The sandbox is not in sync with the Podfile.lock. Run 'pod install' or update your CocoaPods installation.\" >&2\n    exit 1\nfi\n# This output is used by Xcode 'outputs' to avoid re-running this script phase.\necho \"SUCCESS\" > \"${SCRIPT_OUTPUT_FILE_0}\"\n";
			showEnvVarsInLog = 0;
		};
		8DAB03BE0DAE8F094E92BE79 /* [CP] Check Pods Manifest.lock */ = {
			isa = PBXShellScriptBuildPhase;
			buildActionMask = 2147483647;
			files = (
			);
			inputFileListPaths = (
			);
			inputPaths = (
				"${PODS_PODFILE_DIR_PATH}/Podfile.lock",
				"${PODS_ROOT}/Manifest.lock",
			);
			name = "[CP] Check Pods Manifest.lock";
			outputFileListPaths = (
			);
			outputPaths = (
				"$(DERIVED_FILE_DIR)/Pods-fickerCustomHorizontal-fickerCustomHorizontalUITests-checkManifestLockResult.txt",
			);
			runOnlyForDeploymentPostprocessing = 0;
			shellPath = /bin/sh;
			shellScript = "diff \"${PODS_PODFILE_DIR_PATH}/Podfile.lock\" \"${PODS_ROOT}/Manifest.lock\" > /dev/null\nif [ $? != 0 ] ; then\n    # print error to STDERR\n    echo \"error: The sandbox is not in sync with the Podfile.lock. Run 'pod install' or update your CocoaPods installation.\" >&2\n    exit 1\nfi\n# This output is used by Xcode 'outputs' to avoid re-running this script phase.\necho \"SUCCESS\" > \"${SCRIPT_OUTPUT_FILE_0}\"\n";
			showEnvVarsInLog = 0;
		};
		A94E104DA3B06AF62222FF96 /* [CP] Embed Pods Frameworks */ = {
			isa = PBXShellScriptBuildPhase;
			buildActionMask = 2147483647;
			files = (
			);
			inputFileListPaths = (
				"${PODS_ROOT}/Target Support Files/Pods-fickerCustomHorizontal-fickerCustomHorizontalUITests/Pods-fickerCustomHorizontal-fickerCustomHorizontalUITests-frameworks-${CONFIGURATION}-input-files.xcfilelist",
			);
			name = "[CP] Embed Pods Frameworks";
			outputFileListPaths = (
				"${PODS_ROOT}/Target Support Files/Pods-fickerCustomHorizontal-fickerCustomHorizontalUITests/Pods-fickerCustomHorizontal-fickerCustomHorizontalUITests-frameworks-${CONFIGURATION}-output-files.xcfilelist",
			);
			runOnlyForDeploymentPostprocessing = 0;
			shellPath = /bin/sh;
			shellScript = "\"${PODS_ROOT}/Target Support Files/Pods-fickerCustomHorizontal-fickerCustomHorizontalUITests/Pods-fickerCustomHorizontal-fickerCustomHorizontalUITests-frameworks.sh\"\n";
			showEnvVarsInLog = 0;
		};
		D1B06A8C7A525B18C5044C74 /* [CP] Embed Pods Frameworks */ = {
			isa = PBXShellScriptBuildPhase;
			buildActionMask = 2147483647;
			files = (
			);
			inputFileListPaths = (
				"${PODS_ROOT}/Target Support Files/Pods-fickerCustomHorizontal/Pods-fickerCustomHorizontal-frameworks-${CONFIGURATION}-input-files.xcfilelist",
			);
			name = "[CP] Embed Pods Frameworks";
			outputFileListPaths = (
				"${PODS_ROOT}/Target Support Files/Pods-fickerCustomHorizontal/Pods-fickerCustomHorizontal-frameworks-${CONFIGURATION}-output-files.xcfilelist",
			);
			runOnlyForDeploymentPostprocessing = 0;
			shellPath = /bin/sh;
			shellScript = "\"${PODS_ROOT}/Target Support Files/Pods-fickerCustomHorizontal/Pods-fickerCustomHorizontal-frameworks.sh\"\n";
			showEnvVarsInLog = 0;
		};
/* End PBXShellScriptBuildPhase section */

/* Begin PBXSourcesBuildPhase section */
		673FBD3829480F7D00E68C66 /* Sources */ = {
			isa = PBXSourcesBuildPhase;
			buildActionMask = 2147483647;
			files = (
				673FBD4429480F7D00E68C66 /* ViewController.swift in Sources */,
				673FBD4029480F7D00E68C66 /* AppDelegate.swift in Sources */,
				673FBD4229480F7D00E68C66 /* SceneDelegate.swift in Sources */,
			);
			runOnlyForDeploymentPostprocessing = 0;
		};
		673FBD4E29480F7F00E68C66 /* Sources */ = {
			isa = PBXSourcesBuildPhase;
			buildActionMask = 2147483647;
			files = (
				673FBD5729480F7F00E68C66 /* fickerCustomHorizontalTests.swift in Sources */,
			);
			runOnlyForDeploymentPostprocessing = 0;
		};
		673FBD5829480F7F00E68C66 /* Sources */ = {
			isa = PBXSourcesBuildPhase;
			buildActionMask = 2147483647;
			files = (
				673FBD6129480F7F00E68C66 /* fickerCustomHorizontalUITests.swift in Sources */,
				673FBD6329480F7F00E68C66 /* fickerCustomHorizontalUITestsLaunchTests.swift in Sources */,
			);
			runOnlyForDeploymentPostprocessing = 0;
		};
/* End PBXSourcesBuildPhase section */

/* Begin PBXTargetDependency section */
		673FBD5429480F7F00E68C66 /* PBXTargetDependency */ = {
			isa = PBXTargetDependency;
			target = 673FBD3B29480F7D00E68C66 /* fickerCustomHorizontal */;
			targetProxy = 673FBD5329480F7F00E68C66 /* PBXContainerItemProxy */;
		};
		673FBD5E29480F7F00E68C66 /* PBXTargetDependency */ = {
			isa = PBXTargetDependency;
			target = 673FBD3B29480F7D00E68C66 /* fickerCustomHorizontal */;
			targetProxy = 673FBD5D29480F7F00E68C66 /* PBXContainerItemProxy */;
		};
/* End PBXTargetDependency section */

/* Begin PBXVariantGroup section */
		673FBD4A29480F7F00E68C66 /* LaunchScreen.storyboard */ = {
			isa = PBXVariantGroup;
			children = (
				673FBD4B29480F7F00E68C66 /* Base */,
			);
			name = LaunchScreen.storyboard;
			sourceTree = "<group>";
		};
/* End PBXVariantGroup section */

/* Begin XCBuildConfiguration section */
		673FBD6429480F7F00E68C66 /* Debug */ = {
			isa = XCBuildConfiguration;
			buildSettings = {
				ALWAYS_SEARCH_USER_PATHS = NO;
				CLANG_ANALYZER_NONNULL = YES;
				CLANG_ANALYZER_NUMBER_OBJECT_CONVERSION = YES_AGGRESSIVE;
				CLANG_CXX_LANGUAGE_STANDARD = "gnu++20";
				CLANG_ENABLE_MODULES = YES;
				CLANG_ENABLE_OBJC_ARC = YES;
				CLANG_ENABLE_OBJC_WEAK = YES;
				CLANG_WARN_BLOCK_CAPTURE_AUTORELEASING = YES;
				CLANG_WARN_BOOL_CONVERSION = YES;
				CLANG_WARN_COMMA = YES;
				CLANG_WARN_CONSTANT_CONVERSION = YES;
				CLANG_WARN_DEPRECATED_OBJC_IMPLEMENTATIONS = YES;
				CLANG_WARN_DIRECT_OBJC_ISA_USAGE = YES_ERROR;
				CLANG_WARN_DOCUMENTATION_COMMENTS = YES;
				CLANG_WARN_EMPTY_BODY = YES;
				CLANG_WARN_ENUM_CONVERSION = YES;
				CLANG_WARN_INFINITE_RECURSION = YES;
				CLANG_WARN_INT_CONVERSION = YES;
				CLANG_WARN_NON_LITERAL_NULL_CONVERSION = YES;
				CLANG_WARN_OBJC_IMPLICIT_RETAIN_SELF = YES;
				CLANG_WARN_OBJC_LITERAL_CONVERSION = YES;
				CLANG_WARN_OBJC_ROOT_CLASS = YES_ERROR;
				CLANG_WARN_QUOTED_INCLUDE_IN_FRAMEWORK_HEADER = YES;
				CLANG_WARN_RANGE_LOOP_ANALYSIS = YES;
				CLANG_WARN_STRICT_PROTOTYPES = YES;
				CLANG_WARN_SUSPICIOUS_MOVE = YES;
				CLANG_WARN_UNGUARDED_AVAILABILITY = YES_AGGRESSIVE;
				CLANG_WARN_UNREACHABLE_CODE = YES;
				CLANG_WARN__DUPLICATE_METHOD_MATCH = YES;
				COPY_PHASE_STRIP = NO;
				DEBUG_INFORMATION_FORMAT = dwarf;
				ENABLE_STRICT_OBJC_MSGSEND = YES;
				ENABLE_TESTABILITY = YES;
				GCC_C_LANGUAGE_STANDARD = gnu11;
				GCC_DYNAMIC_NO_PIC = NO;
				GCC_NO_COMMON_BLOCKS = YES;
				GCC_OPTIMIZATION_LEVEL = 0;
				GCC_PREPROCESSOR_DEFINITIONS = (
					"DEBUG=1",
					"$(inherited)",
				);
				GCC_WARN_64_TO_32_BIT_CONVERSION = YES;
				GCC_WARN_ABOUT_RETURN_TYPE = YES_ERROR;
				GCC_WARN_UNDECLARED_SELECTOR = YES;
				GCC_WARN_UNINITIALIZED_AUTOS = YES_AGGRESSIVE;
				GCC_WARN_UNUSED_FUNCTION = YES;
				GCC_WARN_UNUSED_VARIABLE = YES;
				IPHONEOS_DEPLOYMENT_TARGET = 16.0;
				MTL_ENABLE_DEBUG_INFO = INCLUDE_SOURCE;
				MTL_FAST_MATH = YES;
				ONLY_ACTIVE_ARCH = YES;
				SDKROOT = iphoneos;
				SWIFT_ACTIVE_COMPILATION_CONDITIONS = DEBUG;
				SWIFT_OPTIMIZATION_LEVEL = "-Onone";
			};
			name = Debug;
		};
		673FBD6529480F7F00E68C66 /* Release */ = {
			isa = XCBuildConfiguration;
			buildSettings = {
				ALWAYS_SEARCH_USER_PATHS = NO;
				CLANG_ANALYZER_NONNULL = YES;
				CLANG_ANALYZER_NUMBER_OBJECT_CONVERSION = YES_AGGRESSIVE;
				CLANG_CXX_LANGUAGE_STANDARD = "gnu++20";
				CLANG_ENABLE_MODULES = YES;
				CLANG_ENABLE_OBJC_ARC = YES;
				CLANG_ENABLE_OBJC_WEAK = YES;
				CLANG_WARN_BLOCK_CAPTURE_AUTORELEASING = YES;
				CLANG_WARN_BOOL_CONVERSION = YES;
				CLANG_WARN_COMMA = YES;
				CLANG_WARN_CONSTANT_CONVERSION = YES;
				CLANG_WARN_DEPRECATED_OBJC_IMPLEMENTATIONS = YES;
				CLANG_WARN_DIRECT_OBJC_ISA_USAGE = YES_ERROR;
				CLANG_WARN_DOCUMENTATION_COMMENTS = YES;
				CLANG_WARN_EMPTY_BODY = YES;
				CLANG_WARN_ENUM_CONVERSION = YES;
				CLANG_WARN_INFINITE_RECURSION = YES;
				CLANG_WARN_INT_CONVERSION = YES;
				CLANG_WARN_NON_LITERAL_NULL_CONVERSION = YES;
				CLANG_WARN_OBJC_IMPLICIT_RETAIN_SELF = YES;
				CLANG_WARN_OBJC_LITERAL_CONVERSION = YES;
				CLANG_WARN_OBJC_ROOT_CLASS = YES_ERROR;
				CLANG_WARN_QUOTED_INCLUDE_IN_FRAMEWORK_HEADER = YES;
				CLANG_WARN_RANGE_LOOP_ANALYSIS = YES;
				CLANG_WARN_STRICT_PROTOTYPES = YES;
				CLANG_WARN_SUSPICIOUS_MOVE = YES;
				CLANG_WARN_UNGUARDED_AVAILABILITY = YES_AGGRESSIVE;
				CLANG_WARN_UNREACHABLE_CODE = YES;
				CLANG_WARN__DUPLICATE_METHOD_MATCH = YES;
				COPY_PHASE_STRIP = NO;
				DEBUG_INFORMATION_FORMAT = "dwarf-with-dsym";
				ENABLE_NS_ASSERTIONS = NO;
				ENABLE_STRICT_OBJC_MSGSEND = YES;
				GCC_C_LANGUAGE_STANDARD = gnu11;
				GCC_NO_COMMON_BLOCKS = YES;
				GCC_WARN_64_TO_32_BIT_CONVERSION = YES;
				GCC_WARN_ABOUT_RETURN_TYPE = YES_ERROR;
				GCC_WARN_UNDECLARED_SELECTOR = YES;
				GCC_WARN_UNINITIALIZED_AUTOS = YES_AGGRESSIVE;
				GCC_WARN_UNUSED_FUNCTION = YES;
				GCC_WARN_UNUSED_VARIABLE = YES;
				IPHONEOS_DEPLOYMENT_TARGET = 16.0;
				MTL_ENABLE_DEBUG_INFO = NO;
				MTL_FAST_MATH = YES;
				SDKROOT = iphoneos;
				SWIFT_COMPILATION_MODE = wholemodule;
				SWIFT_OPTIMIZATION_LEVEL = "-O";
				VALIDATE_PRODUCT = YES;
			};
			name = Release;
		};
		673FBD6729480F7F00E68C66 /* Debug */ = {
			isa = XCBuildConfiguration;
			baseConfigurationReference = 9EB87B8967DB6F19B064EEB8 /* Pods-fickerCustomHorizontal.debug.xcconfig */;
			buildSettings = {
				ASSETCATALOG_COMPILER_APPICON_NAME = AppIcon;
				ASSETCATALOG_COMPILER_GLOBAL_ACCENT_COLOR_NAME = AccentColor;
				CODE_SIGN_STYLE = Automatic;
				CURRENT_PROJECT_VERSION = 1;
				DEVELOPMENT_TEAM = 8G9QJBS8AT;
				GENERATE_INFOPLIST_FILE = YES;
				INFOPLIST_FILE = fickerCustomHorizontal/Info.plist;
				INFOPLIST_KEY_UIApplicationSupportsIndirectInputEvents = YES;
				INFOPLIST_KEY_UILaunchStoryboardName = LaunchScreen;
				INFOPLIST_KEY_UIMainStoryboardFile = "";
				INFOPLIST_KEY_UISupportedInterfaceOrientations_iPad = "UIInterfaceOrientationPortrait UIInterfaceOrientationPortraitUpsideDown UIInterfaceOrientationLandscapeLeft UIInterfaceOrientationLandscapeRight";
				INFOPLIST_KEY_UISupportedInterfaceOrientations_iPhone = "UIInterfaceOrientationPortrait UIInterfaceOrientationLandscapeLeft UIInterfaceOrientationLandscapeRight";
				LD_RUNPATH_SEARCH_PATHS = (
					"$(inherited)",
					"@executable_path/Frameworks",
				);
				MARKETING_VERSION = 1.0;
				PRODUCT_BUNDLE_IDENTIFIER = com.jooeuniosdev.fickerCustomHorizontal;
				PRODUCT_NAME = "$(TARGET_NAME)";
				SWIFT_EMIT_LOC_STRINGS = YES;
				SWIFT_VERSION = 5.0;
				TARGETED_DEVICE_FAMILY = "1,2";
			};
			name = Debug;
		};
		673FBD6829480F7F00E68C66 /* Release */ = {
			isa = XCBuildConfiguration;
			baseConfigurationReference = 98EEB7B963A19E7210DA1C95 /* Pods-fickerCustomHorizontal.release.xcconfig */;
			buildSettings = {
				ASSETCATALOG_COMPILER_APPICON_NAME = AppIcon;
				ASSETCATALOG_COMPILER_GLOBAL_ACCENT_COLOR_NAME = AccentColor;
				CODE_SIGN_STYLE = Automatic;
				CURRENT_PROJECT_VERSION = 1;
				DEVELOPMENT_TEAM = 8G9QJBS8AT;
				GENERATE_INFOPLIST_FILE = YES;
				INFOPLIST_FILE = fickerCustomHorizontal/Info.plist;
				INFOPLIST_KEY_UIApplicationSupportsIndirectInputEvents = YES;
				INFOPLIST_KEY_UILaunchStoryboardName = LaunchScreen;
				INFOPLIST_KEY_UIMainStoryboardFile = "";
				INFOPLIST_KEY_UISupportedInterfaceOrientations_iPad = "UIInterfaceOrientationPortrait UIInterfaceOrientationPortraitUpsideDown UIInterfaceOrientationLandscapeLeft UIInterfaceOrientationLandscapeRight";
				INFOPLIST_KEY_UISupportedInterfaceOrientations_iPhone = "UIInterfaceOrientationPortrait UIInterfaceOrientationLandscapeLeft UIInterfaceOrientationLandscapeRight";
				LD_RUNPATH_SEARCH_PATHS = (
					"$(inherited)",
					"@executable_path/Frameworks",
				);
				MARKETING_VERSION = 1.0;
				PRODUCT_BUNDLE_IDENTIFIER = com.jooeuniosdev.fickerCustomHorizontal;
				PRODUCT_NAME = "$(TARGET_NAME)";
				SWIFT_EMIT_LOC_STRINGS = YES;
				SWIFT_VERSION = 5.0;
				TARGETED_DEVICE_FAMILY = "1,2";
			};
			name = Release;
		};
		673FBD6A29480F7F00E68C66 /* Debug */ = {
			isa = XCBuildConfiguration;
			baseConfigurationReference = FD454052248BA2880EF35C85 /* Pods-fickerCustomHorizontalTests.debug.xcconfig */;
			buildSettings = {
				ALWAYS_EMBED_SWIFT_STANDARD_LIBRARIES = YES;
				BUNDLE_LOADER = "$(TEST_HOST)";
				CODE_SIGN_STYLE = Automatic;
				CURRENT_PROJECT_VERSION = 1;
				DEVELOPMENT_TEAM = 8G9QJBS8AT;
				GENERATE_INFOPLIST_FILE = YES;
				IPHONEOS_DEPLOYMENT_TARGET = 16.0;
				MARKETING_VERSION = 1.0;
				PRODUCT_BUNDLE_IDENTIFIER = com.jooeuniosdev.fickerCustomHorizontalTests;
				PRODUCT_NAME = "$(TARGET_NAME)";
				SWIFT_EMIT_LOC_STRINGS = NO;
				SWIFT_VERSION = 5.0;
				TARGETED_DEVICE_FAMILY = "1,2";
				TEST_HOST = "$(BUILT_PRODUCTS_DIR)/fickerCustomHorizontal.app/$(BUNDLE_EXECUTABLE_FOLDER_PATH)/fickerCustomHorizontal";
			};
			name = Debug;
		};
		673FBD6B29480F7F00E68C66 /* Release */ = {
			isa = XCBuildConfiguration;
			baseConfigurationReference = 99C170A85F278C80DF902F06 /* Pods-fickerCustomHorizontalTests.release.xcconfig */;
			buildSettings = {
				ALWAYS_EMBED_SWIFT_STANDARD_LIBRARIES = YES;
				BUNDLE_LOADER = "$(TEST_HOST)";
				CODE_SIGN_STYLE = Automatic;
				CURRENT_PROJECT_VERSION = 1;
				DEVELOPMENT_TEAM = 8G9QJBS8AT;
				GENERATE_INFOPLIST_FILE = YES;
				IPHONEOS_DEPLOYMENT_TARGET = 16.0;
				MARKETING_VERSION = 1.0;
				PRODUCT_BUNDLE_IDENTIFIER = com.jooeuniosdev.fickerCustomHorizontalTests;
				PRODUCT_NAME = "$(TARGET_NAME)";
				SWIFT_EMIT_LOC_STRINGS = NO;
				SWIFT_VERSION = 5.0;
				TARGETED_DEVICE_FAMILY = "1,2";
				TEST_HOST = "$(BUILT_PRODUCTS_DIR)/fickerCustomHorizontal.app/$(BUNDLE_EXECUTABLE_FOLDER_PATH)/fickerCustomHorizontal";
			};
			name = Release;
		};
		673FBD6D29480F7F00E68C66 /* Debug */ = {
			isa = XCBuildConfiguration;
			baseConfigurationReference = BA0E236DBC9B517EFFC58959 /* Pods-fickerCustomHorizontal-fickerCustomHorizontalUITests.debug.xcconfig */;
			buildSettings = {
				ALWAYS_EMBED_SWIFT_STANDARD_LIBRARIES = YES;
				CODE_SIGN_STYLE = Automatic;
				CURRENT_PROJECT_VERSION = 1;
				DEVELOPMENT_TEAM = 8G9QJBS8AT;
				GENERATE_INFOPLIST_FILE = YES;
				MARKETING_VERSION = 1.0;
				PRODUCT_BUNDLE_IDENTIFIER = com.jooeuniosdev.fickerCustomHorizontalUITests;
				PRODUCT_NAME = "$(TARGET_NAME)";
				SWIFT_EMIT_LOC_STRINGS = NO;
				SWIFT_VERSION = 5.0;
				TARGETED_DEVICE_FAMILY = "1,2";
				TEST_TARGET_NAME = fickerCustomHorizontal;
			};
			name = Debug;
		};
		673FBD6E29480F7F00E68C66 /* Release */ = {
			isa = XCBuildConfiguration;
			baseConfigurationReference = F7E8E647D6A035DC79163E37 /* Pods-fickerCustomHorizontal-fickerCustomHorizontalUITests.release.xcconfig */;
			buildSettings = {
				ALWAYS_EMBED_SWIFT_STANDARD_LIBRARIES = YES;
				CODE_SIGN_STYLE = Automatic;
				CURRENT_PROJECT_VERSION = 1;
				DEVELOPMENT_TEAM = 8G9QJBS8AT;
				GENERATE_INFOPLIST_FILE = YES;
				MARKETING_VERSION = 1.0;
				PRODUCT_BUNDLE_IDENTIFIER = com.jooeuniosdev.fickerCustomHorizontalUITests;
				PRODUCT_NAME = "$(TARGET_NAME)";
				SWIFT_EMIT_LOC_STRINGS = NO;
				SWIFT_VERSION = 5.0;
				TARGETED_DEVICE_FAMILY = "1,2";
				TEST_TARGET_NAME = fickerCustomHorizontal;
			};
			name = Release;
		};
/* End XCBuildConfiguration section */

/* Begin XCConfigurationList section */
		673FBD3729480F7D00E68C66 /* Build configuration list for PBXProject "fickerCustomHorizontal" */ = {
			isa = XCConfigurationList;
			buildConfigurations = (
				673FBD6429480F7F00E68C66 /* Debug */,
				673FBD6529480F7F00E68C66 /* Release */,
			);
			defaultConfigurationIsVisible = 0;
			defaultConfigurationName = Release;
		};
		673FBD6629480F7F00E68C66 /* Build configuration list for PBXNativeTarget "fickerCustomHorizontal" */ = {
			isa = XCConfigurationList;
			buildConfigurations = (
				673FBD6729480F7F00E68C66 /* Debug */,
				673FBD6829480F7F00E68C66 /* Release */,
			);
			defaultConfigurationIsVisible = 0;
			defaultConfigurationName = Release;
		};
		673FBD6929480F7F00E68C66 /* Build configuration list for PBXNativeTarget "fickerCustomHorizontalTests" */ = {
			isa = XCConfigurationList;
			buildConfigurations = (
				673FBD6A29480F7F00E68C66 /* Debug */,
				673FBD6B29480F7F00E68C66 /* Release */,
			);
			defaultConfigurationIsVisible = 0;
			defaultConfigurationName = Release;
		};
		673FBD6C29480F7F00E68C66 /* Build configuration list for PBXNativeTarget "fickerCustomHorizontalUITests" */ = {
			isa = XCConfigurationList;
			buildConfigurations = (
				673FBD6D29480F7F00E68C66 /* Debug */,
				673FBD6E29480F7F00E68C66 /* Release */,
			);
			defaultConfigurationIsVisible = 0;
			defaultConfigurationName = Release;
		};
/* End XCConfigurationList section */
	};
	rootObject = 673FBD3429480F7D00E68C66 /* Project object */;
}
